{
  "object": {
    "pins": [
      {
        "package": "swift-argument-parser",
        "repositoryURL": "https://github.com/apple/swift-argument-parser",
        "state": {
          "branch": null,
          "revision": "6b2aa2748a7881eebb9f84fb10c01293e15b52ca",
          "version": "0.5.0"
        }
      },
      {
        "package": "swift-nio",
        "repositoryURL": "https://github.com/apple/swift-nio.git",
        "state": {
          "branch": null,
          "revision": "546610d52b19be3e19935e0880bb06b9c03f5cef",
          "version": "1.14.4"
        }
      },
      {
        "package": "swift-nio-redis",
        "repositoryURL": "https://github.com/SwiftNIOExtras/swift-nio-redis.git",
        "state": {
          "branch": null,
          "revision": "98abedac3a91d17767cf34055d901bed7ae887f2",
          "version": "0.9.2"
        }
      },
      {
        "package": "swift-nio-zlib-support",
        "repositoryURL": "https://github.com/apple/swift-nio-zlib-support.git",
        "state": {
          "branch": null,
          "revision": "37760e9a52030bb9011972c5213c3350fa9d41fd",
          "version": "1.0.0"
        }
      }
    ]
  },
  "version": 1
}
